
Microsoft Visual Studio Solution File, Format Version 12.00
# Visual Studio Version 17
VisualStudioVersion = 17.8.34330.188
MinimumVisualStudioVersion = 10.0.40219.1
Project("{9A19103F-16F7-4668-BE54-9A1E7A4F7556}") = "RealisticDensity", "RealisticDensity.csproj", "{50427B93-914D-4FB9-9F61-93BC0AA0434B}"
EndProject
Global
	GlobalSection(SolutionConfigurationPlatforms) = preSolution
		Debug|Any CPU = Debug|Any CPU
		Release|Any CPU = Release|Any CPU
	EndGlobalSection
	GlobalSection(ProjectConfigurationPlatforms) = postSolution
		{50427B93-914D-4FB9-9F61-93BC0AA0434B}.Debug|Any CPU.ActiveCfg = Debug|Any CPU
		{50427B93-914D-4FB9-9F61-93BC0AA0434B}.Debug|Any CPU.Build.0 = Debug|Any CPU
		{50427B93-914D-4FB9-9F61-93BC0AA0434B}.Release|Any CPU.ActiveCfg = Release|Any CPU
		{50427B93-914D-4FB9-9F61-93BC0AA0434B}.Release|Any CPU.Build.0 = Release|Any CPU
	EndGlobalSection
	GlobalSection(SolutionProperties) = preSolution
		HideSolutionNode = FALSE
	EndGlobalSection
	GlobalSection(ExtensibilityGlobals) = postSolution
		SolutionGuid = {F84DE3B9-F7E9-4F04-A71E-0B74310E05C7}
	EndGlobalSection
EndGlobal
